
Microsoft Visual Studio Solution File, Format Version 12.00
# Visual Studio Version 17
VisualStudioVersion = 17.10.35004.147
MinimumVisualStudioVersion = 10.0.40219.1
Project("{9A19103F-16F7-4668-BE54-9A1E7A4F7556}") = "ApkaAnalizatorDomain", "ApkaAnalizatorDomain\ApkaAnalizatorDomain.csproj", "{53DCDDD6-5E41-48C1-81C2-085E8EDFD40E}"
EndProject
Project("{9A19103F-16F7-4668-BE54-9A1E7A4F7556}") = "ApkaAnalizatorApplication", "ApkaAnalizatorApplication\ApkaAnalizatorApplication.csproj", "{C6CBD4C3-F175-42D0-94A5-A87D327CC1A1}"
EndProject
Project("{9A19103F-16F7-4668-BE54-9A1E7A4F7556}") = "ApkaAnalizatorInfrastructure", "ApkaAnalizatorInfrastructure\ApkaAnalizatorInfrastructure.csproj", "{C285888A-1279-4813-8C39-901E82E39DCA}"
EndProject
Project("{9A19103F-16F7-4668-BE54-9A1E7A4F7556}") = "ApkaAnalizatorUI", "ApkaAnalizatorBlazorUI\ApkaAnalizatorUI.csproj", "{F8131C4C-FF1E-42A1-A5A7-20AFF1053CFF}"
EndProject
Project("{9A19103F-16F7-4668-BE54-9A1E7A4F7556}") = "ApkaAnalizatorAPI", "ApkaAnalizatorAPI\ApkaAnalizatorAPI.csproj", "{67A389BE-8BA0-41A4-857A-EDC762367575}"
EndProject
Global
	GlobalSection(SolutionConfigurationPlatforms) = preSolution
		Debug|Any CPU = Debug|Any CPU
		Release|Any CPU = Release|Any CPU
	EndGlobalSection
	GlobalSection(ProjectConfigurationPlatforms) = postSolution
		{53DCDDD6-5E41-48C1-81C2-085E8EDFD40E}.Debug|Any CPU.ActiveCfg = Debug|Any CPU
		{53DCDDD6-5E41-48C1-81C2-085E8EDFD40E}.Debug|Any CPU.Build.0 = Debug|Any CPU
		{53DCDDD6-5E41-48C1-81C2-085E8EDFD40E}.Release|Any CPU.ActiveCfg = Release|Any CPU
		{53DCDDD6-5E41-48C1-81C2-085E8EDFD40E}.Release|Any CPU.Build.0 = Release|Any CPU
		{C6CBD4C3-F175-42D0-94A5-A87D327CC1A1}.Debug|Any CPU.ActiveCfg = Debug|Any CPU
		{C6CBD4C3-F175-42D0-94A5-A87D327CC1A1}.Debug|Any CPU.Build.0 = Debug|Any CPU
		{C6CBD4C3-F175-42D0-94A5-A87D327CC1A1}.Release|Any CPU.ActiveCfg = Release|Any CPU
		{C6CBD4C3-F175-42D0-94A5-A87D327CC1A1}.Release|Any CPU.Build.0 = Release|Any CPU
		{C285888A-1279-4813-8C39-901E82E39DCA}.Debug|Any CPU.ActiveCfg = Debug|Any CPU
		{C285888A-1279-4813-8C39-901E82E39DCA}.Debug|Any CPU.Build.0 = Debug|Any CPU
		{C285888A-1279-4813-8C39-901E82E39DCA}.Release|Any CPU.ActiveCfg = Release|Any CPU
		{C285888A-1279-4813-8C39-901E82E39DCA}.Release|Any CPU.Build.0 = Release|Any CPU
		{F8131C4C-FF1E-42A1-A5A7-20AFF1053CFF}.Debug|Any CPU.ActiveCfg = Debug|Any CPU
		{F8131C4C-FF1E-42A1-A5A7-20AFF1053CFF}.Debug|Any CPU.Build.0 = Debug|Any CPU
		{F8131C4C-FF1E-42A1-A5A7-20AFF1053CFF}.Release|Any CPU.ActiveCfg = Release|Any CPU
		{F8131C4C-FF1E-42A1-A5A7-20AFF1053CFF}.Release|Any CPU.Build.0 = Release|Any CPU
		{67A389BE-8BA0-41A4-857A-EDC762367575}.Debug|Any CPU.ActiveCfg = Debug|Any CPU
		{67A389BE-8BA0-41A4-857A-EDC762367575}.Debug|Any CPU.Build.0 = Debug|Any CPU
		{67A389BE-8BA0-41A4-857A-EDC762367575}.Release|Any CPU.ActiveCfg = Release|Any CPU
		{67A389BE-8BA0-41A4-857A-EDC762367575}.Release|Any CPU.Build.0 = Release|Any CPU
	EndGlobalSection
	GlobalSection(SolutionProperties) = preSolution
		HideSolutionNode = FALSE
	EndGlobalSection
	GlobalSection(ExtensibilityGlobals) = postSolution
		SolutionGuid = {CD60DA14-54DE-4C82-AD4D-CF21CAC5E2B7}
	EndGlobalSection
EndGlobal
